
Microsoft Visual Studio Solution File, Format Version 12.00
Project("{FAE04EC0-301F-11D3-BF4B-00C04F79EFBC}") = "BnfGrammarReducer", "BnfGrammarReducer\BnfGrammarReducer.csproj", "{0E11C3D5-691E-4FE1-9A2F-6EEB4E8A8B42}"
EndProject
Global
	GlobalSection(SolutionConfigurationPlatforms) = preSolution
		Debug|Any CPU = Debug|Any CPU
		Release|Any CPU = Release|Any CPU
	EndGlobalSection
	GlobalSection(ProjectConfigurationPlatforms) = postSolution
		{0E11C3D5-691E-4FE1-9A2F-6EEB4E8A8B42}.Debug|Any CPU.ActiveCfg = Debug|Any CPU
		{0E11C3D5-691E-4FE1-9A2F-6EEB4E8A8B42}.Debug|Any CPU.Build.0 = Debug|Any CPU
		{0E11C3D5-691E-4FE1-9A2F-6EEB4E8A8B42}.Release|Any CPU.ActiveCfg = Release|Any CPU
		{0E11C3D5-691E-4FE1-9A2F-6EEB4E8A8B42}.Release|Any CPU.Build.0 = Release|Any CPU
	EndGlobalSection
EndGlobal
